// !$*UTF8*$!
{
	archiveVersion = 1;
	classes = {
	};
	objectVersion = 55;
	objects = {

/* Begin PBXBuildFile section */
		AD49B6DD286846D9001865B8 /* AppDelegate.swift in Sources */ = {isa = PBXBuildFile; fileRef = AD49B6DC286846D9001865B8 /* AppDelegate.swift */; };
		AD49B6DF286846D9001865B8 /* SceneDelegate.swift in Sources */ = {isa = PBXBuildFile; fileRef = AD49B6DE286846D9001865B8 /* SceneDelegate.swift */; };
		AD49B6E1286846D9001865B8 /* NewsViewController.swift in Sources */ = {isa = PBXBuildFile; fileRef = AD49B6E0286846D9001865B8 /* NewsViewController.swift */; };
		AD49B6E6286846DA001865B8 /* Assets.xcassets in Resources */ = {isa = PBXBuildFile; fileRef = AD49B6E5286846DA001865B8 /* Assets.xcassets */; };
		AD49B6E9286846DA001865B8 /* LaunchScreen.storyboard in Resources */ = {isa = PBXBuildFile; fileRef = AD49B6E7286846DA001865B8 /* LaunchScreen.storyboard */; };
		AD49B6F22868475C001865B8 /* SnapKit in Frameworks */ = {isa = PBXBuildFile; productRef = AD49B6F12868475C001865B8 /* SnapKit */; };
		AD49B6F528684B19001865B8 /* TagCollectionViewCell.swift in Sources */ = {isa = PBXBuildFile; fileRef = AD49B6F428684B19001865B8 /* TagCollectionViewCell.swift */; };
		AD49B6F8286850B6001865B8 /* Alamofire in Frameworks */ = {isa = PBXBuildFile; productRef = AD49B6F7286850B6001865B8 /* Alamofire */; };
		AD49B6FA286852CC001865B8 /* NewsRepository.swift in Sources */ = {isa = PBXBuildFile; fileRef = AD49B6F9286852CC001865B8 /* NewsRepository.swift */; };
		AD49B6FC2868568F001865B8 /* APIKeyInfo.plist in Resources */ = {isa = PBXBuildFile; fileRef = AD49B6FB2868568F001865B8 /* APIKeyInfo.plist */; };
		AD49B6FE28685B86001865B8 /* NewsResponseModel.swift in Sources */ = {isa = PBXBuildFile; fileRef = AD49B6FD28685B86001865B8 /* NewsResponseModel.swift */; };
		AD49B70028685BDD001865B8 /* NewsRequestModel.swift in Sources */ = {isa = PBXBuildFile; fileRef = AD49B6FF28685BDD001865B8 /* NewsRequestModel.swift */; };
		AD49B71028686012001865B8 /* RxCocoa in Frameworks */ = {isa = PBXBuildFile; productRef = AD49B70F28686012001865B8 /* RxCocoa */; };
		AD49B71228686012001865B8 /* RxRelay in Frameworks */ = {isa = PBXBuildFile; productRef = AD49B71128686012001865B8 /* RxRelay */; };
		AD49B71428686012001865B8 /* RxSwift in Frameworks */ = {isa = PBXBuildFile; productRef = AD49B71328686012001865B8 /* RxSwift */; };
/* End PBXBuildFile section */

/* Begin PBXFileReference section */
		AD49B6D9286846D9001865B8 /* TagCollectionView.app */ = {isa = PBXFileReference; explicitFileType = wrapper.application; includeInIndex = 0; path = TagCollectionView.app; sourceTree = BUILT_PRODUCTS_DIR; };
		AD49B6DC286846D9001865B8 /* AppDelegate.swift */ = {isa = PBXFileReference; lastKnownFileType = sourcecode.swift; path = AppDelegate.swift; sourceTree = "<group>"; };
		AD49B6DE286846D9001865B8 /* SceneDelegate.swift */ = {isa = PBXFileReference; lastKnownFileType = sourcecode.swift; path = SceneDelegate.swift; sourceTree = "<group>"; };
		AD49B6E0286846D9001865B8 /* NewsViewController.swift */ = {isa = PBXFileReference; lastKnownFileType = sourcecode.swift; path = NewsViewController.swift; sourceTree = "<group>"; };
		AD49B6E5286846DA001865B8 /* Assets.xcassets */ = {isa = PBXFileReference; lastKnownFileType = folder.assetcatalog; path = Assets.xcassets; sourceTree = "<group>"; };
		AD49B6E8286846DA001865B8 /* Base */ = {isa = PBXFileReference; lastKnownFileType = file.storyboard; name = Base; path = Base.lproj/LaunchScreen.storyboard; sourceTree = "<group>"; };
		AD49B6EA286846DA001865B8 /* Info.plist */ = {isa = PBXFileReference; lastKnownFileType = text.plist.xml; path = Info.plist; sourceTree = "<group>"; };
		AD49B6F428684B19001865B8 /* TagCollectionViewCell.swift */ = {isa = PBXFileReference; lastKnownFileType = sourcecode.swift; path = TagCollectionViewCell.swift; sourceTree = "<group>"; };
		AD49B6F9286852CC001865B8 /* NewsRepository.swift */ = {isa = PBXFileReference; lastKnownFileType = sourcecode.swift; path = NewsRepository.swift; sourceTree = "<group>"; };
		AD49B6FB2868568F001865B8 /* APIKeyInfo.plist */ = {isa = PBXFileReference; lastKnownFileType = text.plist.xml; path = APIKeyInfo.plist; sourceTree = "<group>"; };
		AD49B6FD28685B86001865B8 /* NewsResponseModel.swift */ = {isa = PBXFileReference; lastKnownFileType = sourcecode.swift; path = NewsResponseModel.swift; sourceTree = "<group>"; };
		AD49B6FF28685BDD001865B8 /* NewsRequestModel.swift */ = {isa = PBXFileReference; lastKnownFileType = sourcecode.swift; path = NewsRequestModel.swift; sourceTree = "<group>"; };
/* End PBXFileReference section */

/* Begin PBXFrameworksBuildPhase section */
		AD49B6D6286846D9001865B8 /* Frameworks */ = {
			isa = PBXFrameworksBuildPhase;
			buildActionMask = 2147483647;
			files = (
				AD49B71028686012001865B8 /* RxCocoa in Frameworks */,
				AD49B6F22868475C001865B8 /* SnapKit in Frameworks */,
				AD49B71428686012001865B8 /* RxSwift in Frameworks */,
				AD49B71228686012001865B8 /* RxRelay in Frameworks */,
				AD49B6F8286850B6001865B8 /* Alamofire in Frameworks */,
			);
			runOnlyForDeploymentPostprocessing = 0;
		};
/* End PBXFrameworksBuildPhase section */

/* Begin PBXGroup section */
		AD49B6D0286846D9001865B8 = {
			isa = PBXGroup;
			children = (
				AD49B6DB286846D9001865B8 /* TagCollectionView */,
				AD49B6DA286846D9001865B8 /* Products */,
			);
			sourceTree = "<group>";
		};
		AD49B6DA286846D9001865B8 /* Products */ = {
			isa = PBXGroup;
			children = (
				AD49B6D9286846D9001865B8 /* TagCollectionView.app */,
			);
			name = Products;
			sourceTree = "<group>";
		};
		AD49B6DB286846D9001865B8 /* TagCollectionView */ = {
			isa = PBXGroup;
			children = (
				AD49B6F328684793001865B8 /* Scene */,
				AD49B70B28685F71001865B8 /* Repository */,
				AD49B70C28685F77001865B8 /* Model */,
				AD49B70D28685F84001865B8 /* AppDelegate */,
				AD49B6E5286846DA001865B8 /* Assets.xcassets */,
				AD49B6E7286846DA001865B8 /* LaunchScreen.storyboard */,
				AD49B6EA286846DA001865B8 /* Info.plist */,
				AD49B6FB2868568F001865B8 /* APIKeyInfo.plist */,
			);
			path = TagCollectionView;
			sourceTree = "<group>";
		};
		AD49B6F328684793001865B8 /* Scene */ = {
			isa = PBXGroup;
			children = (
				AD49B6E0286846D9001865B8 /* NewsViewController.swift */,
				AD49B6F428684B19001865B8 /* TagCollectionViewCell.swift */,
			);
			path = Scene;
			sourceTree = "<group>";
		};
		AD49B70B28685F71001865B8 /* Repository */ = {
			isa = PBXGroup;
			children = (
				AD49B6F9286852CC001865B8 /* NewsRepository.swift */,
			);
			path = Repository;
			sourceTree = "<group>";
		};
		AD49B70C28685F77001865B8 /* Model */ = {
			isa = PBXGroup;
			children = (
				AD49B6FD28685B86001865B8 /* NewsResponseModel.swift */,
				AD49B6FF28685BDD001865B8 /* NewsRequestModel.swift */,
			);
			path = Model;
			sourceTree = "<group>";
		};
		AD49B70D28685F84001865B8 /* AppDelegate */ = {
			isa = PBXGroup;
			children = (
				AD49B6DC286846D9001865B8 /* AppDelegate.swift */,
				AD49B6DE286846D9001865B8 /* SceneDelegate.swift */,
			);
			path = AppDelegate;
			sourceTree = "<group>";
		};
/* End PBXGroup section */

/* Begin PBXNativeTarget section */
		AD49B6D8286846D9001865B8 /* TagCollectionView */ = {
			isa = PBXNativeTarget;
			buildConfigurationList = AD49B6ED286846DA001865B8 /* Build configuration list for PBXNativeTarget "TagCollectionView" */;
			buildPhases = (
				AD49B6D5286846D9001865B8 /* Sources */,
				AD49B6D6286846D9001865B8 /* Frameworks */,
				AD49B6D7286846D9001865B8 /* Resources */,
			);
			buildRules = (
			);
			dependencies = (
			);
			name = TagCollectionView;
			packageProductDependencies = (
				AD49B6F12868475C001865B8 /* SnapKit */,
				AD49B6F7286850B6001865B8 /* Alamofire */,
				AD49B70F28686012001865B8 /* RxCocoa */,
				AD49B71128686012001865B8 /* RxRelay */,
				AD49B71328686012001865B8 /* RxSwift */,
			);
			productName = TagCollectionView;
			productReference = AD49B6D9286846D9001865B8 /* TagCollectionView.app */;
			productType = "com.apple.product-type.application";
		};
/* End PBXNativeTarget section */

/* Begin PBXProject section */
		AD49B6D1286846D9001865B8 /* Project object */ = {
			isa = PBXProject;
			attributes = {
				BuildIndependentTargetsInParallel = 1;
				LastSwiftUpdateCheck = 1330;
				LastUpgradeCheck = 1330;
				TargetAttributes = {
					AD49B6D8286846D9001865B8 = {
						CreatedOnToolsVersion = 13.3.1;
					};
				};
			};
			buildConfigurationList = AD49B6D4286846D9001865B8 /* Build configuration list for PBXProject "TagCollectionView" */;
			compatibilityVersion = "Xcode 13.0";
			developmentRegion = en;
			hasScannedForEncodings = 0;
			knownRegions = (
				en,
				Base,
			);
			mainGroup = AD49B6D0286846D9001865B8;
			packageReferences = (
				AD49B6F02868475C001865B8 /* XCRemoteSwiftPackageReference "SnapKit" */,
				AD49B6F6286850B6001865B8 /* XCRemoteSwiftPackageReference "Alamofire" */,
				AD49B70E28686012001865B8 /* XCRemoteSwiftPackageReference "RxSwift" */,
			);
			productRefGroup = AD49B6DA286846D9001865B8 /* Products */;
			projectDirPath = "";
			projectRoot = "";
			targets = (
				AD49B6D8286846D9001865B8 /* TagCollectionView */,
			);
		};
/* End PBXProject section */

/* Begin PBXResourcesBuildPhase section */
		AD49B6D7286846D9001865B8 /* Resources */ = {
			isa = PBXResourcesBuildPhase;
			buildActionMask = 2147483647;
			files = (
				AD49B6E9286846DA001865B8 /* LaunchScreen.storyboard in Resources */,
				AD49B6FC2868568F001865B8 /* APIKeyInfo.plist in Resources */,
				AD49B6E6286846DA001865B8 /* Assets.xcassets in Resources */,
			);
			runOnlyForDeploymentPostprocessing = 0;
		};
/* End PBXResourcesBuildPhase section */

/* Begin PBXSourcesBuildPhase section */
		AD49B6D5286846D9001865B8 /* Sources */ = {
			isa = PBXSourcesBuildPhase;
			buildActionMask = 2147483647;
			files = (
				AD49B6FE28685B86001865B8 /* NewsResponseModel.swift in Sources */,
				AD49B6E1286846D9001865B8 /* NewsViewController.swift in Sources */,
				AD49B6F528684B19001865B8 /* TagCollectionViewCell.swift in Sources */,
				AD49B6DD286846D9001865B8 /* AppDelegate.swift in Sources */,
				AD49B6DF286846D9001865B8 /* SceneDelegate.swift in Sources */,
				AD49B70028685BDD001865B8 /* NewsRequestModel.swift in Sources */,
				AD49B6FA286852CC001865B8 /* NewsRepository.swift in Sources */,
			);
			runOnlyForDeploymentPostprocessing = 0;
		};
/* End PBXSourcesBuildPhase section */

/* Begin PBXVariantGroup section */
		AD49B6E7286846DA001865B8 /* LaunchScreen.storyboard */ = {
			isa = PBXVariantGroup;
			children = (
				AD49B6E8286846DA001865B8 /* Base */,
			);
			name = LaunchScreen.storyboard;
			sourceTree = "<group>";
		};
/* End PBXVariantGroup section */

/* Begin XCBuildConfiguration section */
		AD49B6EB286846DA001865B8 /* Debug */ = {
			isa = XCBuildConfiguration;
			buildSettings = {
				ALWAYS_SEARCH_USER_PATHS = NO;
				CLANG_ANALYZER_NONNULL = YES;
				CLANG_ANALYZER_NUMBER_OBJECT_CONVERSION = YES_AGGRESSIVE;
				CLANG_CXX_LANGUAGE_STANDARD = "gnu++17";
				CLANG_ENABLE_MODULES = YES;
				CLANG_ENABLE_OBJC_ARC = YES;
				CLANG_ENABLE_OBJC_WEAK = YES;
				CLANG_WARN_BLOCK_CAPTURE_AUTORELEASING = YES;
				CLANG_WARN_BOOL_CONVERSION = YES;
				CLANG_WARN_COMMA = YES;
				CLANG_WARN_CONSTANT_CONVERSION = YES;
				CLANG_WARN_DEPRECATED_OBJC_IMPLEMENTATIONS = YES;
				CLANG_WARN_DIRECT_OBJC_ISA_USAGE = YES_ERROR;
				CLANG_WARN_DOCUMENTATION_COMMENTS = YES;
				CLANG_WARN_EMPTY_BODY = YES;
				CLANG_WARN_ENUM_CONVERSION = YES;
				CLANG_WARN_INFINITE_RECURSION = YES;
				CLANG_WARN_INT_CONVERSION = YES;
				CLANG_WARN_NON_LITERAL_NULL_CONVERSION = YES;
				CLANG_WARN_OBJC_IMPLICIT_RETAIN_SELF = YES;
				CLANG_WARN_OBJC_LITERAL_CONVERSION = YES;
				CLANG_WARN_OBJC_ROOT_CLASS = YES_ERROR;
				CLANG_WARN_QUOTED_INCLUDE_IN_FRAMEWORK_HEADER = YES;
				CLANG_WARN_RANGE_LOOP_ANALYSIS = YES;
				CLANG_WARN_STRICT_PROTOTYPES = YES;
				CLANG_WARN_SUSPICIOUS_MOVE = YES;
				CLANG_WARN_UNGUARDED_AVAILABILITY = YES_AGGRESSIVE;
				CLANG_WARN_UNREACHABLE_CODE = YES;
				CLANG_WARN__DUPLICATE_METHOD_MATCH = YES;
				COPY_PHASE_STRIP = NO;
				DEBUG_INFORMATION_FORMAT = dwarf;
				ENABLE_STRICT_OBJC_MSGSEND = YES;
				ENABLE_TESTABILITY = YES;
				GCC_C_LANGUAGE_STANDARD = gnu11;
				GCC_DYNAMIC_NO_PIC = NO;
				GCC_NO_COMMON_BLOCKS = YES;
				GCC_OPTIMIZATION_LEVEL = 0;
				GCC_PREPROCESSOR_DEFINITIONS = (
					"DEBUG=1",
					"$(inherited)",
				);
				GCC_WARN_64_TO_32_BIT_CONVERSION = YES;
				GCC_WARN_ABOUT_RETURN_TYPE = YES_ERROR;
				GCC_WARN_UNDECLARED_SELECTOR = YES;
				GCC_WARN_UNINITIALIZED_AUTOS = YES_AGGRESSIVE;
				GCC_WARN_UNUSED_FUNCTION = YES;
				GCC_WARN_UNUSED_VARIABLE = YES;
				IPHONEOS_DEPLOYMENT_TARGET = 15.4;
				MTL_ENABLE_DEBUG_INFO = INCLUDE_SOURCE;
				MTL_FAST_MATH = YES;
				ONLY_ACTIVE_ARCH = YES;
				SDKROOT = iphoneos;
				SWIFT_ACTIVE_COMPILATION_CONDITIONS = DEBUG;
				SWIFT_OPTIMIZATION_LEVEL = "-Onone";
			};
			name = Debug;
		};
		AD49B6EC286846DA001865B8 /* Release */ = {
			isa = XCBuildConfiguration;
			buildSettings = {
				ALWAYS_SEARCH_USER_PATHS = NO;
				CLANG_ANALYZER_NONNULL = YES;
				CLANG_ANALYZER_NUMBER_OBJECT_CONVERSION = YES_AGGRESSIVE;
				CLANG_CXX_LANGUAGE_STANDARD = "gnu++17";
				CLANG_ENABLE_MODULES = YES;
				CLANG_ENABLE_OBJC_ARC = YES;
				CLANG_ENABLE_OBJC_WEAK = YES;
				CLANG_WARN_BLOCK_CAPTURE_AUTORELEASING = YES;
				CLANG_WARN_BOOL_CONVERSION = YES;
				CLANG_WARN_COMMA = YES;
				CLANG_WARN_CONSTANT_CONVERSION = YES;
				CLANG_WARN_DEPRECATED_OBJC_IMPLEMENTATIONS = YES;
				CLANG_WARN_DIRECT_OBJC_ISA_USAGE = YES_ERROR;
				CLANG_WARN_DOCUMENTATION_COMMENTS = YES;
				CLANG_WARN_EMPTY_BODY = YES;
				CLANG_WARN_ENUM_CONVERSION = YES;
				CLANG_WARN_INFINITE_RECURSION = YES;
				CLANG_WARN_INT_CONVERSION = YES;
				CLANG_WARN_NON_LITERAL_NULL_CONVERSION = YES;
				CLANG_WARN_OBJC_IMPLICIT_RETAIN_SELF = YES;
				CLANG_WARN_OBJC_LITERAL_CONVERSION = YES;
				CLANG_WARN_OBJC_ROOT_CLASS = YES_ERROR;
				CLANG_WARN_QUOTED_INCLUDE_IN_FRAMEWORK_HEADER = YES;
				CLANG_WARN_RANGE_LOOP_ANALYSIS = YES;
				CLANG_WARN_STRICT_PROTOTYPES = YES;
				CLANG_WARN_SUSPICIOUS_MOVE = YES;
				CLANG_WARN_UNGUARDED_AVAILABILITY = YES_AGGRESSIVE;
				CLANG_WARN_UNREACHABLE_CODE = YES;
				CLANG_WARN__DUPLICATE_METHOD_MATCH = YES;
				COPY_PHASE_STRIP = NO;
				DEBUG_INFORMATION_FORMAT = "dwarf-with-dsym";
				ENABLE_NS_ASSERTIONS = NO;
				ENABLE_STRICT_OBJC_MSGSEND = YES;
				GCC_C_LANGUAGE_STANDARD = gnu11;
				GCC_NO_COMMON_BLOCKS = YES;
				GCC_WARN_64_TO_32_BIT_CONVERSION = YES;
				GCC_WARN_ABOUT_RETURN_TYPE = YES_ERROR;
				GCC_WARN_UNDECLARED_SELECTOR = YES;
				GCC_WARN_UNINITIALIZED_AUTOS = YES_AGGRESSIVE;
				GCC_WARN_UNUSED_FUNCTION = YES;
				GCC_WARN_UNUSED_VARIABLE = YES;
				IPHONEOS_DEPLOYMENT_TARGET = 15.4;
				MTL_ENABLE_DEBUG_INFO = NO;
				MTL_FAST_MATH = YES;
				SDKROOT = iphoneos;
				SWIFT_COMPILATION_MODE = wholemodule;
				SWIFT_OPTIMIZATION_LEVEL = "-O";
				VALIDATE_PRODUCT = YES;
			};
			name = Release;
		};
		AD49B6EE286846DA001865B8 /* Debug */ = {
			isa = XCBuildConfiguration;
			buildSettings = {
				ASSETCATALOG_COMPILER_APPICON_NAME = AppIcon;
				ASSETCATALOG_COMPILER_GLOBAL_ACCENT_COLOR_NAME = AccentColor;
				CODE_SIGN_STYLE = Automatic;
				CURRENT_PROJECT_VERSION = 1;
				DEVELOPMENT_TEAM = R6V3UCSNG3;
				GENERATE_INFOPLIST_FILE = YES;
				INFOPLIST_FILE = TagCollectionView/Info.plist;
				INFOPLIST_KEY_UIApplicationSupportsIndirectInputEvents = YES;
				INFOPLIST_KEY_UILaunchStoryboardName = LaunchScreen;
				INFOPLIST_KEY_UIMainStoryboardFile = "";
				INFOPLIST_KEY_UISupportedInterfaceOrientations_iPad = "UIInterfaceOrientationPortrait UIInterfaceOrientationPortraitUpsideDown UIInterfaceOrientationLandscapeLeft UIInterfaceOrientationLandscapeRight";
				INFOPLIST_KEY_UISupportedInterfaceOrientations_iPhone = "UIInterfaceOrientationPortrait UIInterfaceOrientationLandscapeLeft UIInterfaceOrientationLandscapeRight";
				LD_RUNPATH_SEARCH_PATHS = (
					"$(inherited)",
					"@executable_path/Frameworks",
				);
				MARKETING_VERSION = 1.0;
				PRODUCT_BUNDLE_IDENTIFIER = com.ycompany.TagCollectionView;
				PRODUCT_NAME = "$(TARGET_NAME)";
				SWIFT_EMIT_LOC_STRINGS = YES;
				SWIFT_VERSION = 5.0;
				TARGETED_DEVICE_FAMILY = "1,2";
			};
			name = Debug;
		};
		AD49B6EF286846DA001865B8 /* Release */ = {
			isa = XCBuildConfiguration;
			buildSettings = {
				ASSETCATALOG_COMPILER_APPICON_NAME = AppIcon;
				ASSETCATALOG_COMPILER_GLOBAL_ACCENT_COLOR_NAME = AccentColor;
				CODE_SIGN_STYLE = Automatic;
				CURRENT_PROJECT_VERSION = 1;
				DEVELOPMENT_TEAM = R6V3UCSNG3;
				GENERATE_INFOPLIST_FILE = YES;
				INFOPLIST_FILE = TagCollectionView/Info.plist;
				INFOPLIST_KEY_UIApplicationSupportsIndirectInputEvents = YES;
				INFOPLIST_KEY_UILaunchStoryboardName = LaunchScreen;
				INFOPLIST_KEY_UIMainStoryboardFile = "";
				INFOPLIST_KEY_UISupportedInterfaceOrientations_iPad = "UIInterfaceOrientationPortrait UIInterfaceOrientationPortraitUpsideDown UIInterfaceOrientationLandscapeLeft UIInterfaceOrientationLandscapeRight";
				INFOPLIST_KEY_UISupportedInterfaceOrientations_iPhone = "UIInterfaceOrientationPortrait UIInterfaceOrientationLandscapeLeft UIInterfaceOrientationLandscapeRight";
				LD_RUNPATH_SEARCH_PATHS = (
					"$(inherited)",
					"@executable_path/Frameworks",
				);
				MARKETING_VERSION = 1.0;
				PRODUCT_BUNDLE_IDENTIFIER = com.ycompany.TagCollectionView;
				PRODUCT_NAME = "$(TARGET_NAME)";
				SWIFT_EMIT_LOC_STRINGS = YES;
				SWIFT_VERSION = 5.0;
				TARGETED_DEVICE_FAMILY = "1,2";
			};
			name = Release;
		};
/* End XCBuildConfiguration section */

/* Begin XCConfigurationList section */
		AD49B6D4286846D9001865B8 /* Build configuration list for PBXProject "TagCollectionView" */ = {
			isa = XCConfigurationList;
			buildConfigurations = (
				AD49B6EB286846DA001865B8 /* Debug */,
				AD49B6EC286846DA001865B8 /* Release */,
			);
			defaultConfigurationIsVisible = 0;
			defaultConfigurationName = Release;
		};
		AD49B6ED286846DA001865B8 /* Build configuration list for PBXNativeTarget "TagCollectionView" */ = {
			isa = XCConfigurationList;
			buildConfigurations = (
				AD49B6EE286846DA001865B8 /* Debug */,
				AD49B6EF286846DA001865B8 /* Release */,
			);
			defaultConfigurationIsVisible = 0;
			defaultConfigurationName = Release;
		};
/* End XCConfigurationList section */

/* Begin XCRemoteSwiftPackageReference section */
		AD49B6F02868475C001865B8 /* XCRemoteSwiftPackageReference "SnapKit" */ = {
			isa = XCRemoteSwiftPackageReference;
			repositoryURL = "https://github.com/SnapKit/SnapKit.git";
			requirement = {
				kind = upToNextMajorVersion;
				minimumVersion = 5.0.0;
			};
		};
		AD49B6F6286850B6001865B8 /* XCRemoteSwiftPackageReference "Alamofire" */ = {
			isa = XCRemoteSwiftPackageReference;
			repositoryURL = "https://github.com/Alamofire/Alamofire.git";
			requirement = {
				kind = upToNextMajorVersion;
				minimumVersion = 5.0.0;
			};
		};
		AD49B70E28686012001865B8 /* XCRemoteSwiftPackageReference "RxSwift" */ = {
			isa = XCRemoteSwiftPackageReference;
			repositoryURL = "https://github.com/ReactiveX/RxSwift.git";
			requirement = {
				kind = upToNextMajorVersion;
				minimumVersion = 6.0.0;
			};
		};
/* End XCRemoteSwiftPackageReference section */

/* Begin XCSwiftPackageProductDependency section */
		AD49B6F12868475C001865B8 /* SnapKit */ = {
			isa = XCSwiftPackageProductDependency;
			package = AD49B6F02868475C001865B8 /* XCRemoteSwiftPackageReference "SnapKit" */;
			productName = SnapKit;
		};
		AD49B6F7286850B6001865B8 /* Alamofire */ = {
			isa = XCSwiftPackageProductDependency;
			package = AD49B6F6286850B6001865B8 /* XCRemoteSwiftPackageReference "Alamofire" */;
			productName = Alamofire;
		};
		AD49B70F28686012001865B8 /* RxCocoa */ = {
			isa = XCSwiftPackageProductDependency;
			package = AD49B70E28686012001865B8 /* XCRemoteSwiftPackageReference "RxSwift" */;
			productName = RxCocoa;
		};
		AD49B71128686012001865B8 /* RxRelay */ = {
			isa = XCSwiftPackageProductDependency;
			package = AD49B70E28686012001865B8 /* XCRemoteSwiftPackageReference "RxSwift" */;
			productName = RxRelay;
		};
		AD49B71328686012001865B8 /* RxSwift */ = {
			isa = XCSwiftPackageProductDependency;
			package = AD49B70E28686012001865B8 /* XCRemoteSwiftPackageReference "RxSwift" */;
			productName = RxSwift;
		};
/* End XCSwiftPackageProductDependency section */
	};
	rootObject = AD49B6D1286846D9001865B8 /* Project object */;
}
